// !$*UTF8*$!
{
	archiveVersion = 1;
	classes = {
	};
	objectVersion = 50;
	objects = {

/* Begin PBXBuildFile section */
		6C6BFE5625AF17EF00D49D3E /* AppDelegate.swift in Sources */ = {isa = PBXBuildFile; fileRef = 6C6BFE5525AF17EF00D49D3E /* AppDelegate.swift */; };
		6C6BFE5F25AF17F000D49D3E /* Assets.xcassets in Resources */ = {isa = PBXBuildFile; fileRef = 6C6BFE5E25AF17F000D49D3E /* Assets.xcassets */; };
		6C6BFE6225AF17F000D49D3E /* LaunchScreen.storyboard in Resources */ = {isa = PBXBuildFile; fileRef = 6C6BFE6025AF17F000D49D3E /* LaunchScreen.storyboard */; };
		6C6BFE6D25AF17F000D49D3E /* WheatherTests.swift in Sources */ = {isa = PBXBuildFile; fileRef = 6C6BFE6C25AF17F000D49D3E /* WheatherTests.swift */; };
		6C6BFE7825AF17F000D49D3E /* WheatherUITests.swift in Sources */ = {isa = PBXBuildFile; fileRef = 6C6BFE7725AF17F000D49D3E /* WheatherUITests.swift */; };
		6C6BFE9F25AF345C00D49D3E /* AssembleMode.swift in Sources */ = {isa = PBXBuildFile; fileRef = 6C6BFE9E25AF345C00D49D3E /* AssembleMode.swift */; };
		6C6BFEA425AF349B00D49D3E /* AppAssembler.swift in Sources */ = {isa = PBXBuildFile; fileRef = 6C6BFEA325AF349B00D49D3E /* AppAssembler.swift */; };
		6C6BFEAA25AF36CF00D49D3E /* AppCoordinator.swift in Sources */ = {isa = PBXBuildFile; fileRef = 6C6BFEA925AF36CF00D49D3E /* AppCoordinator.swift */; };
		6C6BFEB325AF381F00D49D3E /* OnboardingViewController.swift in Sources */ = {isa = PBXBuildFile; fileRef = 6C6BFEB225AF381F00D49D3E /* OnboardingViewController.swift */; };
		6C6BFEB825AF385300D49D3E /* PlacesListViewController.swift in Sources */ = {isa = PBXBuildFile; fileRef = 6C6BFEB725AF385300D49D3E /* PlacesListViewController.swift */; };
		6C6BFEBD25AF387F00D49D3E /* PlaceDetailsViewController.swift in Sources */ = {isa = PBXBuildFile; fileRef = 6C6BFEBC25AF387F00D49D3E /* PlaceDetailsViewController.swift */; };
		6C6BFEC225AF61B400D49D3E /* AppCoordinatorTests.swift in Sources */ = {isa = PBXBuildFile; fileRef = 6C6BFEC125AF61B400D49D3E /* AppCoordinatorTests.swift */; };
		6C6BFECA25AF7F1700D49D3E /* Place.swift in Sources */ = {isa = PBXBuildFile; fileRef = 6C6BFEC925AF7F1700D49D3E /* Place.swift */; };
		6C6BFECF25AF7F6D00D49D3E /* WeatherSnapsot.swift in Sources */ = {isa = PBXBuildFile; fileRef = 6C6BFECE25AF7F6D00D49D3E /* WeatherSnapsot.swift */; };
		6C6BFED425B6C6BC00D49D3E /* PlacesRepository.swift in Sources */ = {isa = PBXBuildFile; fileRef = 6C6BFED325B6C6BC00D49D3E /* PlacesRepository.swift */; };
		6C6BFEDD25B6C79700D49D3E /* MockPlacesRepository.swift in Sources */ = {isa = PBXBuildFile; fileRef = 6C6BFEDC25B6C79700D49D3E /* MockPlacesRepository.swift */; };
		6C6BFEE225B6C7EC00D49D3E /* PlacesRepositoryTests.swift in Sources */ = {isa = PBXBuildFile; fileRef = 6C6BFEE125B6C7EC00D49D3E /* PlacesRepositoryTests.swift */; };
		6C6BFEE925B6D2C100D49D3E /* WeatherRepository.swift in Sources */ = {isa = PBXBuildFile; fileRef = 6C6BFEE825B6D2C100D49D3E /* WeatherRepository.swift */; };
		6C6BFEEE25B6D36400D49D3E /* MockWeatherRepository.swift in Sources */ = {isa = PBXBuildFile; fileRef = 6C6BFEED25B6D36400D49D3E /* MockWeatherRepository.swift */; };
/* End PBXBuildFile section */

/* Begin PBXContainerItemProxy section */
		6C6BFE6925AF17F000D49D3E /* PBXContainerItemProxy */ = {
			isa = PBXContainerItemProxy;
			containerPortal = 6C6BFE4A25AF17EF00D49D3E /* Project object */;
			proxyType = 1;
			remoteGlobalIDString = 6C6BFE5125AF17EF00D49D3E;
			remoteInfo = Wheather;
		};
		6C6BFE7425AF17F000D49D3E /* PBXContainerItemProxy */ = {
			isa = PBXContainerItemProxy;
			containerPortal = 6C6BFE4A25AF17EF00D49D3E /* Project object */;
			proxyType = 1;
			remoteGlobalIDString = 6C6BFE5125AF17EF00D49D3E;
			remoteInfo = Wheather;
		};
/* End PBXContainerItemProxy section */

/* Begin PBXFileReference section */
		6C6BFE5225AF17EF00D49D3E /* Wheather.app */ = {isa = PBXFileReference; explicitFileType = wrapper.application; includeInIndex = 0; path = Wheather.app; sourceTree = BUILT_PRODUCTS_DIR; };
		6C6BFE5525AF17EF00D49D3E /* AppDelegate.swift */ = {isa = PBXFileReference; lastKnownFileType = sourcecode.swift; path = AppDelegate.swift; sourceTree = "<group>"; };
		6C6BFE5E25AF17F000D49D3E /* Assets.xcassets */ = {isa = PBXFileReference; lastKnownFileType = folder.assetcatalog; path = Assets.xcassets; sourceTree = "<group>"; };
		6C6BFE6125AF17F000D49D3E /* Base */ = {isa = PBXFileReference; lastKnownFileType = file.storyboard; name = Base; path = Base.lproj/LaunchScreen.storyboard; sourceTree = "<group>"; };
		6C6BFE6325AF17F000D49D3E /* Info.plist */ = {isa = PBXFileReference; lastKnownFileType = text.plist.xml; path = Info.plist; sourceTree = "<group>"; };
		6C6BFE6825AF17F000D49D3E /* WheatherTests.xctest */ = {isa = PBXFileReference; explicitFileType = wrapper.cfbundle; includeInIndex = 0; path = WheatherTests.xctest; sourceTree = BUILT_PRODUCTS_DIR; };
		6C6BFE6C25AF17F000D49D3E /* WheatherTests.swift */ = {isa = PBXFileReference; lastKnownFileType = sourcecode.swift; path = WheatherTests.swift; sourceTree = "<group>"; };
		6C6BFE6E25AF17F000D49D3E /* Info.plist */ = {isa = PBXFileReference; lastKnownFileType = text.plist.xml; path = Info.plist; sourceTree = "<group>"; };
		6C6BFE7325AF17F000D49D3E /* WheatherUITests.xctest */ = {isa = PBXFileReference; explicitFileType = wrapper.cfbundle; includeInIndex = 0; path = WheatherUITests.xctest; sourceTree = BUILT_PRODUCTS_DIR; };
		6C6BFE7725AF17F000D49D3E /* WheatherUITests.swift */ = {isa = PBXFileReference; lastKnownFileType = sourcecode.swift; path = WheatherUITests.swift; sourceTree = "<group>"; };
		6C6BFE7925AF17F000D49D3E /* Info.plist */ = {isa = PBXFileReference; lastKnownFileType = text.plist.xml; path = Info.plist; sourceTree = "<group>"; };
		6C6BFE9E25AF345C00D49D3E /* AssembleMode.swift */ = {isa = PBXFileReference; lastKnownFileType = sourcecode.swift; path = AssembleMode.swift; sourceTree = "<group>"; };
		6C6BFEA325AF349B00D49D3E /* AppAssembler.swift */ = {isa = PBXFileReference; lastKnownFileType = sourcecode.swift; path = AppAssembler.swift; sourceTree = "<group>"; };
		6C6BFEA925AF36CF00D49D3E /* AppCoordinator.swift */ = {isa = PBXFileReference; lastKnownFileType = sourcecode.swift; path = AppCoordinator.swift; sourceTree = "<group>"; };
		6C6BFEB225AF381F00D49D3E /* OnboardingViewController.swift */ = {isa = PBXFileReference; lastKnownFileType = sourcecode.swift; path = OnboardingViewController.swift; sourceTree = "<group>"; };
		6C6BFEB725AF385300D49D3E /* PlacesListViewController.swift */ = {isa = PBXFileReference; lastKnownFileType = sourcecode.swift; path = PlacesListViewController.swift; sourceTree = "<group>"; };
		6C6BFEBC25AF387F00D49D3E /* PlaceDetailsViewController.swift */ = {isa = PBXFileReference; lastKnownFileType = sourcecode.swift; path = PlaceDetailsViewController.swift; sourceTree = "<group>"; };
		6C6BFEC125AF61B400D49D3E /* AppCoordinatorTests.swift */ = {isa = PBXFileReference; lastKnownFileType = sourcecode.swift; path = AppCoordinatorTests.swift; sourceTree = "<group>"; };
		6C6BFEC925AF7F1700D49D3E /* Place.swift */ = {isa = PBXFileReference; lastKnownFileType = sourcecode.swift; path = Place.swift; sourceTree = "<group>"; };
		6C6BFECE25AF7F6D00D49D3E /* WeatherSnapsot.swift */ = {isa = PBXFileReference; lastKnownFileType = sourcecode.swift; path = WeatherSnapsot.swift; sourceTree = "<group>"; };
		6C6BFED325B6C6BC00D49D3E /* PlacesRepository.swift */ = {isa = PBXFileReference; lastKnownFileType = sourcecode.swift; path = PlacesRepository.swift; sourceTree = "<group>"; };
		6C6BFEDC25B6C79700D49D3E /* MockPlacesRepository.swift */ = {isa = PBXFileReference; lastKnownFileType = sourcecode.swift; path = MockPlacesRepository.swift; sourceTree = "<group>"; };
		6C6BFEE125B6C7EC00D49D3E /* PlacesRepositoryTests.swift */ = {isa = PBXFileReference; lastKnownFileType = sourcecode.swift; path = PlacesRepositoryTests.swift; sourceTree = "<group>"; };
		6C6BFEE825B6D2C100D49D3E /* WeatherRepository.swift */ = {isa = PBXFileReference; lastKnownFileType = sourcecode.swift; path = WeatherRepository.swift; sourceTree = "<group>"; };
		6C6BFEED25B6D36400D49D3E /* MockWeatherRepository.swift */ = {isa = PBXFileReference; lastKnownFileType = sourcecode.swift; path = MockWeatherRepository.swift; sourceTree = "<group>"; };
/* End PBXFileReference section */

/* Begin PBXFrameworksBuildPhase section */
		6C6BFE4F25AF17EF00D49D3E /* Frameworks */ = {
			isa = PBXFrameworksBuildPhase;
			buildActionMask = 2147483647;
			files = (
			);
			runOnlyForDeploymentPostprocessing = 0;
		};
		6C6BFE6525AF17F000D49D3E /* Frameworks */ = {
			isa = PBXFrameworksBuildPhase;
			buildActionMask = 2147483647;
			files = (
			);
			runOnlyForDeploymentPostprocessing = 0;
		};
		6C6BFE7025AF17F000D49D3E /* Frameworks */ = {
			isa = PBXFrameworksBuildPhase;
			buildActionMask = 2147483647;
			files = (
			);
			runOnlyForDeploymentPostprocessing = 0;
		};
/* End PBXFrameworksBuildPhase section */

/* Begin PBXGroup section */
		6C6BFE4925AF17EF00D49D3E = {
			isa = PBXGroup;
			children = (
				6C6BFE5425AF17EF00D49D3E /* Wheather */,
				6C6BFE6B25AF17F000D49D3E /* WheatherTests */,
				6C6BFE7625AF17F000D49D3E /* WheatherUITests */,
				6C6BFE5325AF17EF00D49D3E /* Products */,
			);
			sourceTree = "<group>";
		};
		6C6BFE5325AF17EF00D49D3E /* Products */ = {
			isa = PBXGroup;
			children = (
				6C6BFE5225AF17EF00D49D3E /* Wheather.app */,
				6C6BFE6825AF17F000D49D3E /* WheatherTests.xctest */,
				6C6BFE7325AF17F000D49D3E /* WheatherUITests.xctest */,
			);
			name = Products;
			sourceTree = "<group>";
		};
		6C6BFE5425AF17EF00D49D3E /* Wheather */ = {
			isa = PBXGroup;
			children = (
				6C6BFEC825AF7F0700D49D3E /* Data models */,
				6C6BFEC725AF7EDF00D49D3E /* Data providers */,
				6C6BFEAE25AF37A000D49D3E /* Scenes */,
				6C6BFEA825AF36C300D49D3E /* Coordinator */,
				6C6BFE9D25AF344700D49D3E /* Assembler */,
				6C6BFE5525AF17EF00D49D3E /* AppDelegate.swift */,
				6C6BFE5E25AF17F000D49D3E /* Assets.xcassets */,
				6C6BFE6025AF17F000D49D3E /* LaunchScreen.storyboard */,
				6C6BFE6325AF17F000D49D3E /* Info.plist */,
			);
			path = Wheather;
			sourceTree = "<group>";
		};
		6C6BFE6B25AF17F000D49D3E /* WheatherTests */ = {
			isa = PBXGroup;
			children = (
				6C6BFED825B6C6F400D49D3E /* Repositories */,
				6C6BFEC625AF7EA000D49D3E /* Scenes */,
				6C6BFE6C25AF17F000D49D3E /* WheatherTests.swift */,
				6C6BFEC125AF61B400D49D3E /* AppCoordinatorTests.swift */,
				6C6BFE6E25AF17F000D49D3E /* Info.plist */,
			);
			path = WheatherTests;
			sourceTree = "<group>";
		};
		6C6BFE7625AF17F000D49D3E /* WheatherUITests */ = {
			isa = PBXGroup;
			children = (
				6C6BFE7725AF17F000D49D3E /* WheatherUITests.swift */,
				6C6BFE7925AF17F000D49D3E /* Info.plist */,
			);
			path = WheatherUITests;
			sourceTree = "<group>";
		};
		6C6BFE9D25AF344700D49D3E /* Assembler */ = {
			isa = PBXGroup;
			children = (
				6C6BFE9E25AF345C00D49D3E /* AssembleMode.swift */,
				6C6BFEA325AF349B00D49D3E /* AppAssembler.swift */,
			);
			path = Assembler;
			sourceTree = "<group>";
		};
		6C6BFEA825AF36C300D49D3E /* Coordinator */ = {
			isa = PBXGroup;
			children = (
				6C6BFEA925AF36CF00D49D3E /* AppCoordinator.swift */,
			);
			path = Coordinator;
			sourceTree = "<group>";
		};
		6C6BFEAE25AF37A000D49D3E /* Scenes */ = {
			isa = PBXGroup;
			children = (
				6C6BFEB125AF37DE00D49D3E /* PlaceDetails */,
				6C6BFEB025AF37D200D49D3E /* PlacesList */,
				6C6BFEAF25AF37A900D49D3E /* Onboaring */,
			);
			path = Scenes;
			sourceTree = "<group>";
		};
		6C6BFEAF25AF37A900D49D3E /* Onboaring */ = {
			isa = PBXGroup;
			children = (
				6C6BFEB225AF381F00D49D3E /* OnboardingViewController.swift */,
			);
			path = Onboaring;
			sourceTree = "<group>";
		};
		6C6BFEB025AF37D200D49D3E /* PlacesList */ = {
			isa = PBXGroup;
			children = (
				6C6BFEB725AF385300D49D3E /* PlacesListViewController.swift */,
			);
			path = PlacesList;
			sourceTree = "<group>";
		};
		6C6BFEB125AF37DE00D49D3E /* PlaceDetails */ = {
			isa = PBXGroup;
			children = (
				6C6BFEBC25AF387F00D49D3E /* PlaceDetailsViewController.swift */,
			);
			path = PlaceDetails;
			sourceTree = "<group>";
		};
		6C6BFEC625AF7EA000D49D3E /* Scenes */ = {
			isa = PBXGroup;
			children = (
			);
			path = Scenes;
			sourceTree = "<group>";
		};
		6C6BFEC725AF7EDF00D49D3E /* Data providers */ = {
			isa = PBXGroup;
			children = (
				6C6BFEE725B6D2AE00D49D3E /* Weather */,
				6C6BFEE625B6D2A000D49D3E /* Places */,
			);
			path = "Data providers";
			sourceTree = "<group>";
		};
		6C6BFEC825AF7F0700D49D3E /* Data models */ = {
			isa = PBXGroup;
			children = (
				6C6BFEC925AF7F1700D49D3E /* Place.swift */,
				6C6BFECE25AF7F6D00D49D3E /* WeatherSnapsot.swift */,
			);
			path = "Data models";
			sourceTree = "<group>";
		};
		6C6BFED825B6C6F400D49D3E /* Repositories */ = {
			isa = PBXGroup;
			children = (
				6C6BFEE125B6C7EC00D49D3E /* PlacesRepositoryTests.swift */,
			);
			path = Repositories;
			sourceTree = "<group>";
		};
		6C6BFEE625B6D2A000D49D3E /* Places */ = {
			isa = PBXGroup;
			children = (
				6C6BFED325B6C6BC00D49D3E /* PlacesRepository.swift */,
				6C6BFEDC25B6C79700D49D3E /* MockPlacesRepository.swift */,
			);
			path = Places;
			sourceTree = "<group>";
		};
		6C6BFEE725B6D2AE00D49D3E /* Weather */ = {
			isa = PBXGroup;
			children = (
				6C6BFEE825B6D2C100D49D3E /* WeatherRepository.swift */,
				6C6BFEED25B6D36400D49D3E /* MockWeatherRepository.swift */,
			);
			path = Weather;
			sourceTree = "<group>";
		};
/* End PBXGroup section */

/* Begin PBXNativeTarget section */
		6C6BFE5125AF17EF00D49D3E /* Wheather */ = {
			isa = PBXNativeTarget;
			buildConfigurationList = 6C6BFE7C25AF17F000D49D3E /* Build configuration list for PBXNativeTarget "Wheather" */;
			buildPhases = (
				6C6BFE4E25AF17EF00D49D3E /* Sources */,
				6C6BFE4F25AF17EF00D49D3E /* Frameworks */,
				6C6BFE5025AF17EF00D49D3E /* Resources */,
			);
			buildRules = (
			);
			dependencies = (
			);
			name = Wheather;
			productName = Wheather;
			productReference = 6C6BFE5225AF17EF00D49D3E /* Wheather.app */;
			productType = "com.apple.product-type.application";
		};
		6C6BFE6725AF17F000D49D3E /* WheatherTests */ = {
			isa = PBXNativeTarget;
			buildConfigurationList = 6C6BFE7F25AF17F000D49D3E /* Build configuration list for PBXNativeTarget "WheatherTests" */;
			buildPhases = (
				6C6BFE6425AF17F000D49D3E /* Sources */,
				6C6BFE6525AF17F000D49D3E /* Frameworks */,
				6C6BFE6625AF17F000D49D3E /* Resources */,
			);
			buildRules = (
			);
			dependencies = (
				6C6BFE6A25AF17F000D49D3E /* PBXTargetDependency */,
			);
			name = WheatherTests;
			productName = WheatherTests;
			productReference = 6C6BFE6825AF17F000D49D3E /* WheatherTests.xctest */;
			productType = "com.apple.product-type.bundle.unit-test";
		};
		6C6BFE7225AF17F000D49D3E /* WheatherUITests */ = {
			isa = PBXNativeTarget;
			buildConfigurationList = 6C6BFE8225AF17F000D49D3E /* Build configuration list for PBXNativeTarget "WheatherUITests" */;
			buildPhases = (
				6C6BFE6F25AF17F000D49D3E /* Sources */,
				6C6BFE7025AF17F000D49D3E /* Frameworks */,
				6C6BFE7125AF17F000D49D3E /* Resources */,
			);
			buildRules = (
			);
			dependencies = (
				6C6BFE7525AF17F000D49D3E /* PBXTargetDependency */,
			);
			name = WheatherUITests;
			productName = WheatherUITests;
			productReference = 6C6BFE7325AF17F000D49D3E /* WheatherUITests.xctest */;
			productType = "com.apple.product-type.bundle.ui-testing";
		};
/* End PBXNativeTarget section */

/* Begin PBXProject section */
		6C6BFE4A25AF17EF00D49D3E /* Project object */ = {
			isa = PBXProject;
			attributes = {
				LastSwiftUpdateCheck = 1230;
				LastUpgradeCheck = 1230;
				TargetAttributes = {
					6C6BFE5125AF17EF00D49D3E = {
						CreatedOnToolsVersion = 12.3;
					};
					6C6BFE6725AF17F000D49D3E = {
						CreatedOnToolsVersion = 12.3;
						TestTargetID = 6C6BFE5125AF17EF00D49D3E;
					};
					6C6BFE7225AF17F000D49D3E = {
						CreatedOnToolsVersion = 12.3;
						TestTargetID = 6C6BFE5125AF17EF00D49D3E;
					};
				};
			};
			buildConfigurationList = 6C6BFE4D25AF17EF00D49D3E /* Build configuration list for PBXProject "Wheather" */;
			compatibilityVersion = "Xcode 9.3";
			developmentRegion = en;
			hasScannedForEncodings = 0;
			knownRegions = (
				en,
				Base,
			);
			mainGroup = 6C6BFE4925AF17EF00D49D3E;
			productRefGroup = 6C6BFE5325AF17EF00D49D3E /* Products */;
			projectDirPath = "";
			projectRoot = "";
			targets = (
				6C6BFE5125AF17EF00D49D3E /* Wheather */,
				6C6BFE6725AF17F000D49D3E /* WheatherTests */,
				6C6BFE7225AF17F000D49D3E /* WheatherUITests */,
			);
		};
/* End PBXProject section */

/* Begin PBXResourcesBuildPhase section */
		6C6BFE5025AF17EF00D49D3E /* Resources */ = {
			isa = PBXResourcesBuildPhase;
			buildActionMask = 2147483647;
			files = (
				6C6BFE6225AF17F000D49D3E /* LaunchScreen.storyboard in Resources */,
				6C6BFE5F25AF17F000D49D3E /* Assets.xcassets in Resources */,
			);
			runOnlyForDeploymentPostprocessing = 0;
		};
		6C6BFE6625AF17F000D49D3E /* Resources */ = {
			isa = PBXResourcesBuildPhase;
			buildActionMask = 2147483647;
			files = (
			);
			runOnlyForDeploymentPostprocessing = 0;
		};
		6C6BFE7125AF17F000D49D3E /* Resources */ = {
			isa = PBXResourcesBuildPhase;
			buildActionMask = 2147483647;
			files = (
			);
			runOnlyForDeploymentPostprocessing = 0;
		};
/* End PBXResourcesBuildPhase section */

/* Begin PBXSourcesBuildPhase section */
		6C6BFE4E25AF17EF00D49D3E /* Sources */ = {
			isa = PBXSourcesBuildPhase;
			buildActionMask = 2147483647;
			files = (
				6C6BFEEE25B6D36400D49D3E /* MockWeatherRepository.swift in Sources */,
				6C6BFEAA25AF36CF00D49D3E /* AppCoordinator.swift in Sources */,
				6C6BFE9F25AF345C00D49D3E /* AssembleMode.swift in Sources */,
				6C6BFEDD25B6C79700D49D3E /* MockPlacesRepository.swift in Sources */,
				6C6BFEBD25AF387F00D49D3E /* PlaceDetailsViewController.swift in Sources */,
				6C6BFED425B6C6BC00D49D3E /* PlacesRepository.swift in Sources */,
				6C6BFECA25AF7F1700D49D3E /* Place.swift in Sources */,
				6C6BFEE925B6D2C100D49D3E /* WeatherRepository.swift in Sources */,
				6C6BFEB325AF381F00D49D3E /* OnboardingViewController.swift in Sources */,
				6C6BFE5625AF17EF00D49D3E /* AppDelegate.swift in Sources */,
				6C6BFECF25AF7F6D00D49D3E /* WeatherSnapsot.swift in Sources */,
				6C6BFEB825AF385300D49D3E /* PlacesListViewController.swift in Sources */,
				6C6BFEA425AF349B00D49D3E /* AppAssembler.swift in Sources */,
			);
			runOnlyForDeploymentPostprocessing = 0;
		};
		6C6BFE6425AF17F000D49D3E /* Sources */ = {
			isa = PBXSourcesBuildPhase;
			buildActionMask = 2147483647;
			files = (
				6C6BFEE225B6C7EC00D49D3E /* PlacesRepositoryTests.swift in Sources */,
				6C6BFEC225AF61B400D49D3E /* AppCoordinatorTests.swift in Sources */,
				6C6BFE6D25AF17F000D49D3E /* WheatherTests.swift in Sources */,
			);
			runOnlyForDeploymentPostprocessing = 0;
		};
		6C6BFE6F25AF17F000D49D3E /* Sources */ = {
			isa = PBXSourcesBuildPhase;
			buildActionMask = 2147483647;
			files = (
				6C6BFE7825AF17F000D49D3E /* WheatherUITests.swift in Sources */,
			);
			runOnlyForDeploymentPostprocessing = 0;
		};
/* End PBXSourcesBuildPhase section */

/* Begin PBXTargetDependency section */
		6C6BFE6A25AF17F000D49D3E /* PBXTargetDependency */ = {
			isa = PBXTargetDependency;
			target = 6C6BFE5125AF17EF00D49D3E /* Wheather */;
			targetProxy = 6C6BFE6925AF17F000D49D3E /* PBXContainerItemProxy */;
		};
		6C6BFE7525AF17F000D49D3E /* PBXTargetDependency */ = {
			isa = PBXTargetDependency;
			target = 6C6BFE5125AF17EF00D49D3E /* Wheather */;
			targetProxy = 6C6BFE7425AF17F000D49D3E /* PBXContainerItemProxy */;
		};
/* End PBXTargetDependency section */

/* Begin PBXVariantGroup section */
		6C6BFE6025AF17F000D49D3E /* LaunchScreen.storyboard */ = {
			isa = PBXVariantGroup;
			children = (
				6C6BFE6125AF17F000D49D3E /* Base */,
			);
			name = LaunchScreen.storyboard;
			sourceTree = "<group>";
		};
/* End PBXVariantGroup section */

/* Begin XCBuildConfiguration section */
		6C6BFE7A25AF17F000D49D3E /* Debug */ = {
			isa = XCBuildConfiguration;
			buildSettings = {
				ALWAYS_SEARCH_USER_PATHS = NO;
				CLANG_ANALYZER_NONNULL = YES;
				CLANG_ANALYZER_NUMBER_OBJECT_CONVERSION = YES_AGGRESSIVE;
				CLANG_CXX_LANGUAGE_STANDARD = "gnu++14";
				CLANG_CXX_LIBRARY = "libc++";
				CLANG_ENABLE_MODULES = YES;
				CLANG_ENABLE_OBJC_ARC = YES;
				CLANG_ENABLE_OBJC_WEAK = YES;
				CLANG_WARN_BLOCK_CAPTURE_AUTORELEASING = YES;
				CLANG_WARN_BOOL_CONVERSION = YES;
				CLANG_WARN_COMMA = YES;
				CLANG_WARN_CONSTANT_CONVERSION = YES;
				CLANG_WARN_DEPRECATED_OBJC_IMPLEMENTATIONS = YES;
				CLANG_WARN_DIRECT_OBJC_ISA_USAGE = YES_ERROR;
				CLANG_WARN_DOCUMENTATION_COMMENTS = YES;
				CLANG_WARN_EMPTY_BODY = YES;
				CLANG_WARN_ENUM_CONVERSION = YES;
				CLANG_WARN_INFINITE_RECURSION = YES;
				CLANG_WARN_INT_CONVERSION = YES;
				CLANG_WARN_NON_LITERAL_NULL_CONVERSION = YES;
				CLANG_WARN_OBJC_IMPLICIT_RETAIN_SELF = YES;
				CLANG_WARN_OBJC_LITERAL_CONVERSION = YES;
				CLANG_WARN_OBJC_ROOT_CLASS = YES_ERROR;
				CLANG_WARN_QUOTED_INCLUDE_IN_FRAMEWORK_HEADER = YES;
				CLANG_WARN_RANGE_LOOP_ANALYSIS = YES;
				CLANG_WARN_STRICT_PROTOTYPES = YES;
				CLANG_WARN_SUSPICIOUS_MOVE = YES;
				CLANG_WARN_UNGUARDED_AVAILABILITY = YES_AGGRESSIVE;
				CLANG_WARN_UNREACHABLE_CODE = YES;
				CLANG_WARN__DUPLICATE_METHOD_MATCH = YES;
				COPY_PHASE_STRIP = NO;
				DEBUG_INFORMATION_FORMAT = dwarf;
				ENABLE_STRICT_OBJC_MSGSEND = YES;
				ENABLE_TESTABILITY = YES;
				GCC_C_LANGUAGE_STANDARD = gnu11;
				GCC_DYNAMIC_NO_PIC = NO;
				GCC_NO_COMMON_BLOCKS = YES;
				GCC_OPTIMIZATION_LEVEL = 0;
				GCC_PREPROCESSOR_DEFINITIONS = (
					"DEBUG=1",
					"$(inherited)",
				);
				GCC_WARN_64_TO_32_BIT_CONVERSION = YES;
				GCC_WARN_ABOUT_RETURN_TYPE = YES_ERROR;
				GCC_WARN_UNDECLARED_SELECTOR = YES;
				GCC_WARN_UNINITIALIZED_AUTOS = YES_AGGRESSIVE;
				GCC_WARN_UNUSED_FUNCTION = YES;
				GCC_WARN_UNUSED_VARIABLE = YES;
				IPHONEOS_DEPLOYMENT_TARGET = 14.3;
				MTL_ENABLE_DEBUG_INFO = INCLUDE_SOURCE;
				MTL_FAST_MATH = YES;
				ONLY_ACTIVE_ARCH = YES;
				SDKROOT = iphoneos;
				SWIFT_ACTIVE_COMPILATION_CONDITIONS = DEBUG;
				SWIFT_OPTIMIZATION_LEVEL = "-Onone";
			};
			name = Debug;
		};
		6C6BFE7B25AF17F000D49D3E /* Release */ = {
			isa = XCBuildConfiguration;
			buildSettings = {
				ALWAYS_SEARCH_USER_PATHS = NO;
				CLANG_ANALYZER_NONNULL = YES;
				CLANG_ANALYZER_NUMBER_OBJECT_CONVERSION = YES_AGGRESSIVE;
				CLANG_CXX_LANGUAGE_STANDARD = "gnu++14";
				CLANG_CXX_LIBRARY = "libc++";
				CLANG_ENABLE_MODULES = YES;
				CLANG_ENABLE_OBJC_ARC = YES;
				CLANG_ENABLE_OBJC_WEAK = YES;
				CLANG_WARN_BLOCK_CAPTURE_AUTORELEASING = YES;
				CLANG_WARN_BOOL_CONVERSION = YES;
				CLANG_WARN_COMMA = YES;
				CLANG_WARN_CONSTANT_CONVERSION = YES;
				CLANG_WARN_DEPRECATED_OBJC_IMPLEMENTATIONS = YES;
				CLANG_WARN_DIRECT_OBJC_ISA_USAGE = YES_ERROR;
				CLANG_WARN_DOCUMENTATION_COMMENTS = YES;
				CLANG_WARN_EMPTY_BODY = YES;
				CLANG_WARN_ENUM_CONVERSION = YES;
				CLANG_WARN_INFINITE_RECURSION = YES;
				CLANG_WARN_INT_CONVERSION = YES;
				CLANG_WARN_NON_LITERAL_NULL_CONVERSION = YES;
				CLANG_WARN_OBJC_IMPLICIT_RETAIN_SELF = YES;
				CLANG_WARN_OBJC_LITERAL_CONVERSION = YES;
				CLANG_WARN_OBJC_ROOT_CLASS = YES_ERROR;
				CLANG_WARN_QUOTED_INCLUDE_IN_FRAMEWORK_HEADER = YES;
				CLANG_WARN_RANGE_LOOP_ANALYSIS = YES;
				CLANG_WARN_STRICT_PROTOTYPES = YES;
				CLANG_WARN_SUSPICIOUS_MOVE = YES;
				CLANG_WARN_UNGUARDED_AVAILABILITY = YES_AGGRESSIVE;
				CLANG_WARN_UNREACHABLE_CODE = YES;
				CLANG_WARN__DUPLICATE_METHOD_MATCH = YES;
				COPY_PHASE_STRIP = NO;
				DEBUG_INFORMATION_FORMAT = "dwarf-with-dsym";
				ENABLE_NS_ASSERTIONS = NO;
				ENABLE_STRICT_OBJC_MSGSEND = YES;
				GCC_C_LANGUAGE_STANDARD = gnu11;
				GCC_NO_COMMON_BLOCKS = YES;
				GCC_WARN_64_TO_32_BIT_CONVERSION = YES;
				GCC_WARN_ABOUT_RETURN_TYPE = YES_ERROR;
				GCC_WARN_UNDECLARED_SELECTOR = YES;
				GCC_WARN_UNINITIALIZED_AUTOS = YES_AGGRESSIVE;
				GCC_WARN_UNUSED_FUNCTION = YES;
				GCC_WARN_UNUSED_VARIABLE = YES;
				IPHONEOS_DEPLOYMENT_TARGET = 14.3;
				MTL_ENABLE_DEBUG_INFO = NO;
				MTL_FAST_MATH = YES;
				SDKROOT = iphoneos;
				SWIFT_COMPILATION_MODE = wholemodule;
				SWIFT_OPTIMIZATION_LEVEL = "-O";
				VALIDATE_PRODUCT = YES;
			};
			name = Release;
		};
		6C6BFE7D25AF17F000D49D3E /* Debug */ = {
			isa = XCBuildConfiguration;
			buildSettings = {
				ASSETCATALOG_COMPILER_APPICON_NAME = AppIcon;
				ASSETCATALOG_COMPILER_GLOBAL_ACCENT_COLOR_NAME = AccentColor;
				CODE_SIGN_STYLE = Automatic;
				DEVELOPMENT_TEAM = FZ3DSJLJK8;
				INFOPLIST_FILE = Wheather/Info.plist;
				LD_RUNPATH_SEARCH_PATHS = (
					"$(inherited)",
					"@executable_path/Frameworks",
				);
				PRODUCT_BUNDLE_IDENTIFIER = AntDevStudio.Wheather;
				PRODUCT_NAME = "$(TARGET_NAME)";
				SWIFT_VERSION = 5.0;
				TARGETED_DEVICE_FAMILY = 1;
			};
			name = Debug;
		};
		6C6BFE7E25AF17F000D49D3E /* Release */ = {
			isa = XCBuildConfiguration;
			buildSettings = {
				ASSETCATALOG_COMPILER_APPICON_NAME = AppIcon;
				ASSETCATALOG_COMPILER_GLOBAL_ACCENT_COLOR_NAME = AccentColor;
				CODE_SIGN_STYLE = Automatic;
				DEVELOPMENT_TEAM = FZ3DSJLJK8;
				INFOPLIST_FILE = Wheather/Info.plist;
				LD_RUNPATH_SEARCH_PATHS = (
					"$(inherited)",
					"@executable_path/Frameworks",
				);
				PRODUCT_BUNDLE_IDENTIFIER = AntDevStudio.Wheather;
				PRODUCT_NAME = "$(TARGET_NAME)";
				SWIFT_VERSION = 5.0;
				TARGETED_DEVICE_FAMILY = 1;
			};
			name = Release;
		};
		6C6BFE8025AF17F000D49D3E /* Debug */ = {
			isa = XCBuildConfiguration;
			buildSettings = {
				ALWAYS_EMBED_SWIFT_STANDARD_LIBRARIES = YES;
				BUNDLE_LOADER = "$(TEST_HOST)";
				CODE_SIGN_STYLE = Automatic;
				DEVELOPMENT_TEAM = FZ3DSJLJK8;
				INFOPLIST_FILE = WheatherTests/Info.plist;
				IPHONEOS_DEPLOYMENT_TARGET = 14.3;
				LD_RUNPATH_SEARCH_PATHS = (
					"$(inherited)",
					"@executable_path/Frameworks",
					"@loader_path/Frameworks",
				);
				PRODUCT_BUNDLE_IDENTIFIER = AntDevStudio.WheatherTests;
				PRODUCT_NAME = "$(TARGET_NAME)";
				SWIFT_VERSION = 5.0;
				TARGETED_DEVICE_FAMILY = "1,2";
				TEST_HOST = "$(BUILT_PRODUCTS_DIR)/Wheather.app/Wheather";
			};
			name = Debug;
		};
		6C6BFE8125AF17F000D49D3E /* Release */ = {
			isa = XCBuildConfiguration;
			buildSettings = {
				ALWAYS_EMBED_SWIFT_STANDARD_LIBRARIES = YES;
				BUNDLE_LOADER = "$(TEST_HOST)";
				CODE_SIGN_STYLE = Automatic;
				DEVELOPMENT_TEAM = FZ3DSJLJK8;
				INFOPLIST_FILE = WheatherTests/Info.plist;
				IPHONEOS_DEPLOYMENT_TARGET = 14.3;
				LD_RUNPATH_SEARCH_PATHS = (
					"$(inherited)",
					"@executable_path/Frameworks",
					"@loader_path/Frameworks",
				);
				PRODUCT_BUNDLE_IDENTIFIER = AntDevStudio.WheatherTests;
				PRODUCT_NAME = "$(TARGET_NAME)";
				SWIFT_VERSION = 5.0;
				TARGETED_DEVICE_FAMILY = "1,2";
				TEST_HOST = "$(BUILT_PRODUCTS_DIR)/Wheather.app/Wheather";
			};
			name = Release;
		};
		6C6BFE8325AF17F000D49D3E /* Debug */ = {
			isa = XCBuildConfiguration;
			buildSettings = {
				ALWAYS_EMBED_SWIFT_STANDARD_LIBRARIES = YES;
				CODE_SIGN_STYLE = Automatic;
				DEVELOPMENT_TEAM = FZ3DSJLJK8;
				INFOPLIST_FILE = WheatherUITests/Info.plist;
				LD_RUNPATH_SEARCH_PATHS = (
					"$(inherited)",
					"@executable_path/Frameworks",
					"@loader_path/Frameworks",
				);
				PRODUCT_BUNDLE_IDENTIFIER = AntDevStudio.WheatherUITests;
				PRODUCT_NAME = "$(TARGET_NAME)";
				SWIFT_VERSION = 5.0;
				TARGETED_DEVICE_FAMILY = "1,2";
				TEST_TARGET_NAME = Wheather;
			};
			name = Debug;
		};
		6C6BFE8425AF17F000D49D3E /* Release */ = {
			isa = XCBuildConfiguration;
			buildSettings = {
				ALWAYS_EMBED_SWIFT_STANDARD_LIBRARIES = YES;
				CODE_SIGN_STYLE = Automatic;
				DEVELOPMENT_TEAM = FZ3DSJLJK8;
				INFOPLIST_FILE = WheatherUITests/Info.plist;
				LD_RUNPATH_SEARCH_PATHS = (
					"$(inherited)",
					"@executable_path/Frameworks",
					"@loader_path/Frameworks",
				);
				PRODUCT_BUNDLE_IDENTIFIER = AntDevStudio.WheatherUITests;
				PRODUCT_NAME = "$(TARGET_NAME)";
				SWIFT_VERSION = 5.0;
				TARGETED_DEVICE_FAMILY = "1,2";
				TEST_TARGET_NAME = Wheather;
			};
			name = Release;
		};
/* End XCBuildConfiguration section */

/* Begin XCConfigurationList section */
		6C6BFE4D25AF17EF00D49D3E /* Build configuration list for PBXProject "Wheather" */ = {
			isa = XCConfigurationList;
			buildConfigurations = (
				6C6BFE7A25AF17F000D49D3E /* Debug */,
				6C6BFE7B25AF17F000D49D3E /* Release */,
			);
			defaultConfigurationIsVisible = 0;
			defaultConfigurationName = Release;
		};
		6C6BFE7C25AF17F000D49D3E /* Build configuration list for PBXNativeTarget "Wheather" */ = {
			isa = XCConfigurationList;
			buildConfigurations = (
				6C6BFE7D25AF17F000D49D3E /* Debug */,
				6C6BFE7E25AF17F000D49D3E /* Release */,
			);
			defaultConfigurationIsVisible = 0;
			defaultConfigurationName = Release;
		};
		6C6BFE7F25AF17F000D49D3E /* Build configuration list for PBXNativeTarget "WheatherTests" */ = {
			isa = XCConfigurationList;
			buildConfigurations = (
				6C6BFE8025AF17F000D49D3E /* Debug */,
				6C6BFE8125AF17F000D49D3E /* Release */,
			);
			defaultConfigurationIsVisible = 0;
			defaultConfigurationName = Release;
		};
		6C6BFE8225AF17F000D49D3E /* Build configuration list for PBXNativeTarget "WheatherUITests" */ = {
			isa = XCConfigurationList;
			buildConfigurations = (
				6C6BFE8325AF17F000D49D3E /* Debug */,
				6C6BFE8425AF17F000D49D3E /* Release */,
			);
			defaultConfigurationIsVisible = 0;
			defaultConfigurationName = Release;
		};
/* End XCConfigurationList section */
	};
	rootObject = 6C6BFE4A25AF17EF00D49D3E /* Project object */;
}
